
Microsoft Visual Studio Solution File, Format Version 12.00
# Visual Studio Version 16
VisualStudioVersion = 16.0.29324.140
MinimumVisualStudioVersion = 10.0.40219.1
Project("{FAE04EC0-301F-11D3-BF4B-00C04F79EFBC}") = "Cafe Manager", "Cafe Manager.csproj", "{0673D42A-2568-4E67-A692-DC3DE5B207C0}"
EndProject
Global
	GlobalSection(SolutionConfigurationPlatforms) = preSolution
		Debug|Any CPU = Debug|Any CPU
		Release|Any CPU = Release|Any CPU
	EndGlobalSection
	GlobalSection(ProjectConfigurationPlatforms) = postSolution
		{0673D42A-2568-4E67-A692-DC3DE5B207C0}.Debug|Any CPU.ActiveCfg = Debug|Any CPU
		{0673D42A-2568-4E67-A692-DC3DE5B207C0}.Debug|Any CPU.Build.0 = Debug|Any CPU
		{0673D42A-2568-4E67-A692-DC3DE5B207C0}.Release|Any CPU.ActiveCfg = Release|Any CPU
		{0673D42A-2568-4E67-A692-DC3DE5B207C0}.Release|Any CPU.Build.0 = Release|Any CPU
	EndGlobalSection
	GlobalSection(SolutionProperties) = preSolution
		HideSolutionNode = FALSE
	EndGlobalSection
	GlobalSection(ExtensibilityGlobals) = postSolution
		SolutionGuid = {43DC472B-DE71-4307-9A6C-13A0BB6C00A9}
	EndGlobalSection
EndGlobal
